schema: '2.0'
stages:
  prepare:
    cmd: python -m src.features.prepare
    deps:
    - path: data/raw/train-00000-of-00002.parquet
      hash: md5
      md5: 50f0afaaab76f975e0c5d86caf7ed7c6
      size: 330245704
    - path: data/raw/train-00001-of-00002.parquet
      hash: md5
      md5: 033ad71bf3c8fea87b9d7966b753bbc5
      size: 391396716
    - path: src/features/prepare.py
      hash: md5
      md5: 949578e88a70c337577dcab87e07dda5
      size: 3981
    params:
      params.yaml:
        prepare.random_state: 2024
        prepare.test_size: 0.025
        prepare.train_size: 0.01
        prepare.valid_size: 0.7
    outs:
    - path: data/processed/X_test.csv
      hash: md5
      md5: 003a1ef7ef880d386dabb28dfbfbd18b
      size: 16708575
    - path: data/processed/X_train.csv
      hash: md5
      md5: b54665a180890d168d9b8c92c79d27ee
      size: 20416511
    - path: data/processed/X_valid.csv
      hash: md5
      md5: 70a2f94aa7e52aaaf40290a17add4abc
      size: 36312754
    - path: data/processed/y_test.csv
      hash: md5
      md5: 8700c728a65db3c9169d81a674575149
      size: 536
    - path: data/processed/y_train.csv
      hash: md5
      md5: 2d8c939852267aa6b2d7698ea7c869d4
      size: 710
    - path: data/processed/y_valid.csv
      hash: md5
      md5: 8f313062229d057879262fb4a4c06f8a
      size: 1238
  train:
    cmd: python -m src.models.train
    deps:
    - path: data/processed/X_train.csv
      hash: md5
      md5: 350cd9648736dbcc09f9a36bedfe78f5
      size: 20416276
    - path: data/processed/y_train.csv
      hash: md5
      md5: a65f84b1a1c9f8520ac8e7a56548ff11
      size: 475
    - path: src/models/train.py
      hash: md5
      md5: 9db6a25d84536515ed5db28a6c8c2018
      size: 9314
    params:
      params.yaml:
        train.combinations: 2
        train.hyperparameters:
          algorithm:
          - VisualTransformer
          model_name:
          - google/vit-base-patch16-224
          batch_size:
          - 8
          - 16
          - 32
          learning_rate:
          - 1e-05
          - 5e-05
          - 0.0001
          num_epochs:
          - 1
          weight_decay:
          - 0.0
          - 0.01
          - 0.1
          momentum:
          - 0.9
          - 0.95
          - 0.99
          optimizer:
          - adam
          - sdg
        train.targets:
        - cat
        - dog
    outs:
    - path: models/
      hash: md5
      md5: 6323223c5f25361884fe26a157a33e1d.dir
      size: 686597396
      nfiles: 2
    - path: parameters_list.json
      hash: md5
      md5: 728f57223f88bb68adaae03376e68ea8
      size: 631
    - path: parameters_run.json
      hash: md5
      md5: 7d6e06d3396f82458c03202a2bf29c57
      size: 104
  evaluate:
    cmd: python -m src.models.evaluate
    deps:
    - path: data/processed/X_valid.csv
      hash: md5
      md5: b776f1d38e2f31a3718424f2ecca15ef
      size: 36312343
    - path: data/processed/y_valid.csv
      hash: md5
      md5: 841d28cbfbadc3bfff45f97916f041a0
      size: 827
    - path: models/
      hash: md5
      md5: 6323223c5f25361884fe26a157a33e1d.dir
      size: 686597396
      nfiles: 2
    - path: src/models/evaluate.py
      hash: md5
      md5: 46948889c231f8b35789c002aa0bb43b
      size: 4308
    outs:
    - path: metrics/scores.json
      hash: md5
      md5: e0b52ebf4a4ab17e8efcfccdca26a418
      size: 85
