schema: '2.0'
stages:
  prepare:
    cmd: python -m src.features.prepare
    deps:
    - path: data/raw/train-00000-of-00002.parquet
      hash: md5
      md5: 50f0afaaab76f975e0c5d86caf7ed7c6
      size: 330245704
    - path: data/raw/train-00001-of-00002.parquet
      hash: md5
      md5: 033ad71bf3c8fea87b9d7966b753bbc5
      size: 391396716
    - path: src/features/prepare.py
      hash: md5
      md5: 16cf614525f6f671da66878f87d2ab90
      size: 4054
    params:
      params.yaml:
        prepare.random_state: 2024
        prepare.test_size: 0.025
        prepare.train_size: 0.01
        prepare.valid_size: 0.7
    outs:
    - path: data/processed/X_test.csv
      hash: md5
      md5: 003a1ef7ef880d386dabb28dfbfbd18b
      size: 16708575
    - path: data/processed/X_train.csv
      hash: md5
      md5: b54665a180890d168d9b8c92c79d27ee
      size: 20416511
    - path: data/processed/X_valid.csv
      hash: md5
      md5: 70a2f94aa7e52aaaf40290a17add4abc
      size: 36312754
    - path: data/processed/y_test.csv
      hash: md5
      md5: 8700c728a65db3c9169d81a674575149
      size: 536
    - path: data/processed/y_train.csv
      hash: md5
      md5: 2d8c939852267aa6b2d7698ea7c869d4
      size: 710
    - path: data/processed/y_valid.csv
      hash: md5
      md5: 8f313062229d057879262fb4a4c06f8a
      size: 1238
  train:
    cmd: python -m src.models.train
    deps:
    - path: data/processed/X_train.csv
      hash: md5
      md5: b54665a180890d168d9b8c92c79d27ee
      size: 20416511
    - path: data/processed/y_train.csv
      hash: md5
      md5: 2d8c939852267aa6b2d7698ea7c869d4
      size: 710
    - path: src/models/train.py
      hash: md5
      md5: 75e0ba79dcede2b7138d81d7bc1bc9b5
      size: 10194
    params:
      params.yaml:
        train.combinations: 3
        train.hyperparameters:
          algorithm:
          - VisualTransformer
          model_name:
          - google/vit-base-patch16-224
          batch_size:
          - 8
          - 16
          - 32
          learning_rate:
          - 1e-05
          num_epochs:
          - 1
          weight_decay:
          - 0.0
          - 0.01
          - 0.1
          momentum:
          - 0.9
          - 0.95
          - 0.99
          optimizer:
          - adam
          - sgd
        train.targets:
        - cat
        - dog
    outs:
    - path: models/
      hash: md5
      md5: 724c26a723098ca023fa3e2cc57db279.dir
      size: 1029893694
      nfiles: 3
    - path: parameters_list.json
      hash: md5
      md5: 4b6a53d7df35bc6ef768e23cfabecfac
      size: 981
    - path: parameters_run.json
      hash: md5
      md5: 2b13ebd1b3f4a79306b66d3677456ae9
      size: 159
  evaluate:
    cmd: python -m src.models.evaluate
    deps:
    - path: data/processed/X_valid.csv
      hash: md5
      md5: 70a2f94aa7e52aaaf40290a17add4abc
      size: 36312754
    - path: data/processed/y_valid.csv
      hash: md5
      md5: 8f313062229d057879262fb4a4c06f8a
      size: 1238
    - path: models/
      hash: md5
      md5: 724c26a723098ca023fa3e2cc57db279.dir
      size: 1029893694
      nfiles: 3
    - path: src/models/evaluate.py
      hash: md5
      md5: ad4659600547cd6e29ba9cc501a9a393
      size: 5087
    outs:
    - path: metrics/scores.json
      hash: md5
      md5: 00adb89ae60832df1cfc064c7c2d4564
      size: 1301
